
Microsoft Visual Studio Solution File, Format Version 12.00
# Visual Studio Version 17
VisualStudioVersion = 17.1.32228.430
MinimumVisualStudioVersion = 10.0.40219.1
Project("{FAE04EC0-301F-11D3-BF4B-00C04F79EFBC}") = "lock method in multiThread", "lock method in multiThread\lock method in multiThread.csproj", "{00C6DC38-6905-4C12-8B52-5902A68322DC}"
EndProject
Global
	GlobalSection(SolutionConfigurationPlatforms) = preSolution
		Debug|Any CPU = Debug|Any CPU
		Release|Any CPU = Release|Any CPU
	EndGlobalSection
	GlobalSection(ProjectConfigurationPlatforms) = postSolution
		{00C6DC38-6905-4C12-8B52-5902A68322DC}.Debug|Any CPU.ActiveCfg = Debug|Any CPU
		{00C6DC38-6905-4C12-8B52-5902A68322DC}.Debug|Any CPU.Build.0 = Debug|Any CPU
		{00C6DC38-6905-4C12-8B52-5902A68322DC}.Release|Any CPU.ActiveCfg = Release|Any CPU
		{00C6DC38-6905-4C12-8B52-5902A68322DC}.Release|Any CPU.Build.0 = Release|Any CPU
	EndGlobalSection
	GlobalSection(SolutionProperties) = preSolution
		HideSolutionNode = FALSE
	EndGlobalSection
	GlobalSection(ExtensibilityGlobals) = postSolution
		SolutionGuid = {9F58EA2F-CD22-4F7B-A696-927141268984}
	EndGlobalSection
EndGlobal
