
Microsoft Visual Studio Solution File, Format Version 12.00
# Visual Studio Version 17
VisualStudioVersion = 17.1.32228.430
MinimumVisualStudioVersion = 10.0.40219.1
Project("{FAE04EC0-301F-11D3-BF4B-00C04F79EFBC}") = "multithread1", "multithread1\multithread1.csproj", "{AFAED5BF-D809-44AF-BEF0-4525FEF08E43}"
EndProject
Global
	GlobalSection(SolutionConfigurationPlatforms) = preSolution
		Debug|Any CPU = Debug|Any CPU
		Release|Any CPU = Release|Any CPU
	EndGlobalSection
	GlobalSection(ProjectConfigurationPlatforms) = postSolution
		{AFAED5BF-D809-44AF-BEF0-4525FEF08E43}.Debug|Any CPU.ActiveCfg = Debug|Any CPU
		{AFAED5BF-D809-44AF-BEF0-4525FEF08E43}.Debug|Any CPU.Build.0 = Debug|Any CPU
		{AFAED5BF-D809-44AF-BEF0-4525FEF08E43}.Release|Any CPU.ActiveCfg = Release|Any CPU
		{AFAED5BF-D809-44AF-BEF0-4525FEF08E43}.Release|Any CPU.Build.0 = Release|Any CPU
	EndGlobalSection
	GlobalSection(SolutionProperties) = preSolution
		HideSolutionNode = FALSE
	EndGlobalSection
	GlobalSection(ExtensibilityGlobals) = postSolution
		SolutionGuid = {504DB2EB-BD9A-48A1-A5B2-751713CF3CEE}
	EndGlobalSection
EndGlobal
