
Microsoft Visual Studio Solution File, Format Version 12.00
# Visual Studio Version 17
VisualStudioVersion = 17.1.32228.430
MinimumVisualStudioVersion = 10.0.40219.1
Project("{FAE04EC0-301F-11D3-BF4B-00C04F79EFBC}") = "delegate types", "delegate types\delegate types.csproj", "{2C3ED17C-94DE-4F64-A6FA-7E5397CD96E9}"
EndProject
Global
	GlobalSection(SolutionConfigurationPlatforms) = preSolution
		Debug|Any CPU = Debug|Any CPU
		Release|Any CPU = Release|Any CPU
	EndGlobalSection
	GlobalSection(ProjectConfigurationPlatforms) = postSolution
		{2C3ED17C-94DE-4F64-A6FA-7E5397CD96E9}.Debug|Any CPU.ActiveCfg = Debug|Any CPU
		{2C3ED17C-94DE-4F64-A6FA-7E5397CD96E9}.Debug|Any CPU.Build.0 = Debug|Any CPU
		{2C3ED17C-94DE-4F64-A6FA-7E5397CD96E9}.Release|Any CPU.ActiveCfg = Release|Any CPU
		{2C3ED17C-94DE-4F64-A6FA-7E5397CD96E9}.Release|Any CPU.Build.0 = Release|Any CPU
	EndGlobalSection
	GlobalSection(SolutionProperties) = preSolution
		HideSolutionNode = FALSE
	EndGlobalSection
	GlobalSection(ExtensibilityGlobals) = postSolution
		SolutionGuid = {E6F78C62-44B8-42D1-93BE-B1CA331BD2A9}
	EndGlobalSection
EndGlobal
